
Microsoft Visual Studio Solution File, Format Version 12.00
# Visual Studio 15
VisualStudioVersion = 15.0.28307.168
MinimumVisualStudioVersion = 10.0.40219.1
Project("{FAE04EC0-301F-11D3-BF4B-00C04F79EFBC}") = "WebApplication1", "WebApplication1\WebApplication1.csproj", "{59DCCF58-FA79-4272-9D5A-1757CA3AA6AA}"
EndProject
Global
	GlobalSection(SolutionConfigurationPlatforms) = preSolution
		Debug|Any CPU = Debug|Any CPU
		Release|Any CPU = Release|Any CPU
	EndGlobalSection
	GlobalSection(ProjectConfigurationPlatforms) = postSolution
		{59DCCF58-FA79-4272-9D5A-1757CA3AA6AA}.Debug|Any CPU.ActiveCfg = Debug|Any CPU
		{59DCCF58-FA79-4272-9D5A-1757CA3AA6AA}.Debug|Any CPU.Build.0 = Debug|Any CPU
		{59DCCF58-FA79-4272-9D5A-1757CA3AA6AA}.Release|Any CPU.ActiveCfg = Release|Any CPU
		{59DCCF58-FA79-4272-9D5A-1757CA3AA6AA}.Release|Any CPU.Build.0 = Release|Any CPU
	EndGlobalSection
	GlobalSection(SolutionProperties) = preSolution
		HideSolutionNode = FALSE
	EndGlobalSection
	GlobalSection(ExtensibilityGlobals) = postSolution
		SolutionGuid = {B850F663-BB23-45B8-BB8D-590D0CF7940D}
	EndGlobalSection
EndGlobal
